
Microsoft Visual Studio Solution File, Format Version 12.00
# Visual Studio Version 17
VisualStudioVersion = 17.5.33414.496
MinimumVisualStudioVersion = 10.0.40219.1
Project("{9A19103F-16F7-4668-BE54-9A1E7A4F7556}") = "PostService", "PostService\PostService.csproj", "{69B92A33-3BC0-4644-9DCB-A22FDD260FDF}"
EndProject
Global
	GlobalSection(SolutionConfigurationPlatforms) = preSolution
		Debug|Any CPU = Debug|Any CPU
		Release|Any CPU = Release|Any CPU
	EndGlobalSection
	GlobalSection(ProjectConfigurationPlatforms) = postSolution
		{69B92A33-3BC0-4644-9DCB-A22FDD260FDF}.Debug|Any CPU.ActiveCfg = Debug|Any CPU
		{69B92A33-3BC0-4644-9DCB-A22FDD260FDF}.Debug|Any CPU.Build.0 = Debug|Any CPU
		{69B92A33-3BC0-4644-9DCB-A22FDD260FDF}.Release|Any CPU.ActiveCfg = Release|Any CPU
		{69B92A33-3BC0-4644-9DCB-A22FDD260FDF}.Release|Any CPU.Build.0 = Release|Any CPU
	EndGlobalSection
	GlobalSection(SolutionProperties) = preSolution
		HideSolutionNode = FALSE
	EndGlobalSection
	GlobalSection(ExtensibilityGlobals) = postSolution
		SolutionGuid = {71ACB4A9-8D55-4285-B239-0D83D4015636}
	EndGlobalSection
EndGlobal
